
Microsoft Visual Studio Solution File, Format Version 12.00
# Visual Studio 14
VisualStudioVersion = 14.0.25420.1
MinimumVisualStudioVersion = 10.0.40219.1
Project("{FAE04EC0-301F-11D3-BF4B-00C04F79EFBC}") = "TicketDom", "TicketDom\TicketDom.csproj", "{976F2B9A-5686-4F23-AF0A-A6DA76B6F559}"
EndProject
Project("{2150E333-8FDC-42A3-9474-1A3956D46DE8}") = "NewFolder1", "NewFolder1", "{E71D60CE-C00E-48A5-8A35-7E370FDCD87D}"
EndProject
Global
	GlobalSection(SolutionConfigurationPlatforms) = preSolution
		Debug|Any CPU = Debug|Any CPU
		Release|Any CPU = Release|Any CPU
	EndGlobalSection
	GlobalSection(ProjectConfigurationPlatforms) = postSolution
		{976F2B9A-5686-4F23-AF0A-A6DA76B6F559}.Debug|Any CPU.ActiveCfg = Debug|Any CPU
		{976F2B9A-5686-4F23-AF0A-A6DA76B6F559}.Debug|Any CPU.Build.0 = Debug|Any CPU
		{976F2B9A-5686-4F23-AF0A-A6DA76B6F559}.Release|Any CPU.ActiveCfg = Release|Any CPU
		{976F2B9A-5686-4F23-AF0A-A6DA76B6F559}.Release|Any CPU.Build.0 = Release|Any CPU
	EndGlobalSection
	GlobalSection(SolutionProperties) = preSolution
		HideSolutionNode = FALSE
	EndGlobalSection
EndGlobal
